
Microsoft Visual Studio Solution File, Format Version 12.00
# Visual Studio Version 17
VisualStudioVersion = 17.14.36121.58
MinimumVisualStudioVersion = 10.0.40219.1
Project("{FAE04EC0-301F-11D3-BF4B-00C04F79EFBC}") = "ContosoUniversityRBAC", "ContosoUniversityRBAC\ContosoUniversityRBAC.csproj", "{DB4C2C3A-7825-41EB-9254-911F01AF7392}"
EndProject
Project("{FAE04EC0-301F-11D3-BF4B-00C04F79EFBC}") = "Sang.AspNetCore.RoleBasedAuthorization", "Sang.AspNetCore.RoleBasedAuthorization\Sang.AspNetCore.RoleBasedAuthorization.csproj", "{6B92E931-11C7-B0C8-2922-B04BC5125F2E}"
EndProject
Global
	GlobalSection(SolutionConfigurationPlatforms) = preSolution
		Debug|Any CPU = Debug|Any CPU
		Release|Any CPU = Release|Any CPU
	EndGlobalSection
	GlobalSection(ProjectConfigurationPlatforms) = postSolution
		{DB4C2C3A-7825-41EB-9254-911F01AF7392}.Debug|Any CPU.ActiveCfg = Debug|Any CPU
		{DB4C2C3A-7825-41EB-9254-911F01AF7392}.Debug|Any CPU.Build.0 = Debug|Any CPU
		{DB4C2C3A-7825-41EB-9254-911F01AF7392}.Release|Any CPU.ActiveCfg = Release|Any CPU
		{DB4C2C3A-7825-41EB-9254-911F01AF7392}.Release|Any CPU.Build.0 = Release|Any CPU
		{6B92E931-11C7-B0C8-2922-B04BC5125F2E}.Debug|Any CPU.ActiveCfg = Debug|Any CPU
		{6B92E931-11C7-B0C8-2922-B04BC5125F2E}.Debug|Any CPU.Build.0 = Debug|Any CPU
		{6B92E931-11C7-B0C8-2922-B04BC5125F2E}.Release|Any CPU.ActiveCfg = Release|Any CPU
		{6B92E931-11C7-B0C8-2922-B04BC5125F2E}.Release|Any CPU.Build.0 = Release|Any CPU
	EndGlobalSection
	GlobalSection(SolutionProperties) = preSolution
		HideSolutionNode = FALSE
	EndGlobalSection
	GlobalSection(ExtensibilityGlobals) = postSolution
		SolutionGuid = {13F2A571-9F70-47DC-BAC4-B0EF52BDF0F7}
	EndGlobalSection
EndGlobal
